{
  "name": "03-test",
  "version": "1.0.0",
  "lockfileVersion": 2,
  "requires": true,
  "packages": {
    "": {
      "version": "1.0.0",
      "license": "ISC",
      "devDependencies": {
        "webpack-numbers-xfy": "^1.0.1"
      }
    },
    "node_modules/webpack-numbers-xfy": {
      "version": "1.0.1",
      "resolved": "https://registry.npmjs.org/webpack-numbers-xfy/-/webpack-numbers-xfy-1.0.1.tgz",
      "integrity": "sha512-zNZ17HQpVaMJo4x/GdsqVhv/iHYH+qN1GrJ2wT+K5yGN8MQKNtj3qGBYKlmU0OaBMsZdJpBmXPe0i8bSPVt+UQ==",
      "dev": true
    }
  },
  "dependencies": {
    "webpack-numbers-xfy": {
      "version": "1.0.1",
      "resolved": "https://registry.npmjs.org/webpack-numbers-xfy/-/webpack-numbers-xfy-1.0.1.tgz",
      "integrity": "sha512-zNZ17HQpVaMJo4x/GdsqVhv/iHYH+qN1GrJ2wT+K5yGN8MQKNtj3qGBYKlmU0OaBMsZdJpBmXPe0i8bSPVt+UQ==",
      "dev": true
    }
  }
}
